// !$*UTF8*$!
{
	archiveVersion = 1;
	classes = {
	};
	objectVersion = 77;
	objects = {

/* Begin PBXBuildFile section */
		301FF22F2F1EBF8400DE879B /* CloudsAndSnowflakes.swift in Sources */ = {isa = PBXBuildFile; fileRef = 301FF22E2F1EBF8400DE879B /* CloudsAndSnowflakes.swift */; };
		302E0D2C2F16F1460083B9EA /* PartLayerEditor.swift in Sources */ = {isa = PBXBuildFile; fileRef = 302E0D2B2F16F1460083B9EA /* PartLayerEditor.swift */; };
		302E0D2E2F16F6620083B9EA /* SnowRectangle.swift in Sources */ = {isa = PBXBuildFile; fileRef = 302E0D2D2F16F6620083B9EA /* SnowRectangle.swift */; };
		302E0D312F1937030083B9EA /* PartList.swift in Sources */ = {isa = PBXBuildFile; fileRef = 302E0D302F1937030083B9EA /* PartList.swift */; };
		302E0D332F1A6DB50083B9EA /* Shapes.swift in Sources */ = {isa = PBXBuildFile; fileRef = 302E0D322F1A6DB50083B9EA /* Shapes.swift */; };
		302E0D352F1A6E450083B9EA /* ChaseArtwork.swift in Sources */ = {isa = PBXBuildFile; fileRef = 302E0D342F1A6E450083B9EA /* ChaseArtwork.swift */; };
		303680122F12A3EF003C56B9 /* PartEditor.swift in Sources */ = {isa = PBXBuildFile; fileRef = 303680112F12A3EF003C56B9 /* PartEditor.swift */; };
		305AC3042F10458A009D2EC1 /* Faces.swift in Sources */ = {isa = PBXBuildFile; fileRef = 305AC2F22F10458A009D2EC1 /* Faces.swift */; };
		305AC3062F10458A009D2EC1 /* Mouths.swift in Sources */ = {isa = PBXBuildFile; fileRef = 305AC2F52F10458A009D2EC1 /* Mouths.swift */; };
		305AC3072F10458A009D2EC1 /* Mittens.swift in Sources */ = {isa = PBXBuildFile; fileRef = 305AC2F42F10458A009D2EC1 /* Mittens.swift */; };
		305AC3082F10458A009D2EC1 /* Noses.swift in Sources */ = {isa = PBXBuildFile; fileRef = 305AC2F72F10458A009D2EC1 /* Noses.swift */; };
		305AC30B2F10458A009D2EC1 /* Eyes.swift in Sources */ = {isa = PBXBuildFile; fileRef = 305AC2F12F10458A009D2EC1 /* Eyes.swift */; };
		305AC30C2F10458A009D2EC1 /* Hats.swift in Sources */ = {isa = PBXBuildFile; fileRef = 305AC2F32F10458A009D2EC1 /* Hats.swift */; };
		305AC30D2F10458A009D2EC1 /* Accessories.swift in Sources */ = {isa = PBXBuildFile; fileRef = 305AC2EE2F10458A009D2EC1 /* Accessories.swift */; };
		305AC30E2F10458A009D2EC1 /* Snowball.swift in Sources */ = {isa = PBXBuildFile; fileRef = 305AC3002F10458A009D2EC1 /* Snowball.swift */; };
		305AC30F2F10458A009D2EC1 /* App.swift in Sources */ = {isa = PBXBuildFile; fileRef = 305AC3022F10458A009D2EC1 /* App.swift */; };
		305AC3102F10458A009D2EC1 /* Neckwear.swift in Sources */ = {isa = PBXBuildFile; fileRef = 305AC2F62F10458A009D2EC1 /* Neckwear.swift */; };
		305AC3112F10458A009D2EC1 /* Arms.swift in Sources */ = {isa = PBXBuildFile; fileRef = 305AC2EF2F10458A009D2EC1 /* Arms.swift */; };
		305AC3122F10458A009D2EC1 /* OriginalBackground.swift in Sources */ = {isa = PBXBuildFile; fileRef = 305AC2FC2F10458A009D2EC1 /* OriginalBackground.swift */; };
		305AC3142F10458A009D2EC1 /* Buttons.swift in Sources */ = {isa = PBXBuildFile; fileRef = 305AC2F02F10458A009D2EC1 /* Buttons.swift */; };
		305AC3152F10458A009D2EC1 /* Assets.xcassets in Resources */ = {isa = PBXBuildFile; fileRef = 305AC2FB2F10458A009D2EC1 /* Assets.xcassets */; };
		305AC3172F107384009D2EC1 /* DaniSnowwoman.swift in Sources */ = {isa = PBXBuildFile; fileRef = 305AC3162F107384009D2EC1 /* DaniSnowwoman.swift */; };
		305AC3192F1134D4009D2EC1 /* PartModel.swift in Sources */ = {isa = PBXBuildFile; fileRef = 305AC3182F1134D4009D2EC1 /* PartModel.swift */; };
		305AC31E2F113F84009D2EC1 /* Part.swift in Sources */ = {isa = PBXBuildFile; fileRef = 305AC31D2F113F84009D2EC1 /* Part.swift */; };
		3066F7BB2F1181DB0005281C /* SnowpersonModel.swift in Sources */ = {isa = PBXBuildFile; fileRef = 3066F7BA2F1181DB0005281C /* SnowpersonModel.swift */; };
		3066F7BD2F1182870005281C /* ImageModel.swift in Sources */ = {isa = PBXBuildFile; fileRef = 3066F7BC2F1182870005281C /* ImageModel.swift */; };
		3066F7C02F1182A70005281C /* PersistableColor.swift in Sources */ = {isa = PBXBuildFile; fileRef = 3066F7BF2F1182A70005281C /* PersistableColor.swift */; };
		3066F7C32F1188000005281C /* ShapeModel.swift in Sources */ = {isa = PBXBuildFile; fileRef = 3066F7C22F1188000005281C /* ShapeModel.swift */; };
		3066F7C52F11889C0005281C /* Snowperson.swift in Sources */ = {isa = PBXBuildFile; fileRef = 3066F7C42F11889C0005281C /* Snowperson.swift */; };
		3066F7C72F1189290005281C /* SnowpersonList.swift in Sources */ = {isa = PBXBuildFile; fileRef = 3066F7C62F1189290005281C /* SnowpersonList.swift */; };
		3066F7D12F1195700005281C /* ImageLayerModel.swift in Sources */ = {isa = PBXBuildFile; fileRef = 3066F7D02F1195700005281C /* ImageLayerModel.swift */; };
		3066F7D62F11E14E0005281C /* BrookeSnowwoman.swift in Sources */ = {isa = PBXBuildFile; fileRef = 3066F7D52F11E14E0005281C /* BrookeSnowwoman.swift */; };
		3066F7D92F129B490005281C /* PartSelector.swift in Sources */ = {isa = PBXBuildFile; fileRef = 3066F7D82F129B490005281C /* PartSelector.swift */; };
/* End PBXBuildFile section */

/* Begin PBXFileReference section */
		301FF22E2F1EBF8400DE879B /* CloudsAndSnowflakes.swift */ = {isa = PBXFileReference; lastKnownFileType = sourcecode.swift; path = CloudsAndSnowflakes.swift; sourceTree = "<group>"; };
		302E0D2B2F16F1460083B9EA /* PartLayerEditor.swift */ = {isa = PBXFileReference; lastKnownFileType = sourcecode.swift; path = PartLayerEditor.swift; sourceTree = "<group>"; };
		302E0D2D2F16F6620083B9EA /* SnowRectangle.swift */ = {isa = PBXFileReference; lastKnownFileType = sourcecode.swift; path = SnowRectangle.swift; sourceTree = "<group>"; };
		302E0D302F1937030083B9EA /* PartList.swift */ = {isa = PBXFileReference; lastKnownFileType = sourcecode.swift; path = PartList.swift; sourceTree = "<group>"; };
		302E0D322F1A6DB50083B9EA /* Shapes.swift */ = {isa = PBXFileReference; lastKnownFileType = sourcecode.swift; path = Shapes.swift; sourceTree = "<group>"; };
		302E0D342F1A6E450083B9EA /* ChaseArtwork.swift */ = {isa = PBXFileReference; lastKnownFileType = sourcecode.swift; path = ChaseArtwork.swift; sourceTree = "<group>"; };
		303680112F12A3EF003C56B9 /* PartEditor.swift */ = {isa = PBXFileReference; lastKnownFileType = sourcecode.swift; path = PartEditor.swift; sourceTree = "<group>"; };
		305AC2EE2F10458A009D2EC1 /* Accessories.swift */ = {isa = PBXFileReference; lastKnownFileType = sourcecode.swift; path = Accessories.swift; sourceTree = "<group>"; };
		305AC2EF2F10458A009D2EC1 /* Arms.swift */ = {isa = PBXFileReference; lastKnownFileType = sourcecode.swift; path = Arms.swift; sourceTree = "<group>"; };
		305AC2F02F10458A009D2EC1 /* Buttons.swift */ = {isa = PBXFileReference; lastKnownFileType = sourcecode.swift; path = Buttons.swift; sourceTree = "<group>"; };
		305AC2F12F10458A009D2EC1 /* Eyes.swift */ = {isa = PBXFileReference; lastKnownFileType = sourcecode.swift; path = Eyes.swift; sourceTree = "<group>"; };
		305AC2F22F10458A009D2EC1 /* Faces.swift */ = {isa = PBXFileReference; lastKnownFileType = sourcecode.swift; path = Faces.swift; sourceTree = "<group>"; };
		305AC2F32F10458A009D2EC1 /* Hats.swift */ = {isa = PBXFileReference; lastKnownFileType = sourcecode.swift; path = Hats.swift; sourceTree = "<group>"; };
		305AC2F42F10458A009D2EC1 /* Mittens.swift */ = {isa = PBXFileReference; lastKnownFileType = sourcecode.swift; path = Mittens.swift; sourceTree = "<group>"; };
		305AC2F52F10458A009D2EC1 /* Mouths.swift */ = {isa = PBXFileReference; lastKnownFileType = sourcecode.swift; path = Mouths.swift; sourceTree = "<group>"; };
		305AC2F62F10458A009D2EC1 /* Neckwear.swift */ = {isa = PBXFileReference; lastKnownFileType = sourcecode.swift; path = Neckwear.swift; sourceTree = "<group>"; };
		305AC2F72F10458A009D2EC1 /* Noses.swift */ = {isa = PBXFileReference; lastKnownFileType = sourcecode.swift; path = Noses.swift; sourceTree = "<group>"; };
		305AC2FB2F10458A009D2EC1 /* Assets.xcassets */ = {isa = PBXFileReference; lastKnownFileType = folder.assetcatalog; path = Assets.xcassets; sourceTree = "<group>"; };
		305AC2FC2F10458A009D2EC1 /* OriginalBackground.swift */ = {isa = PBXFileReference; lastKnownFileType = sourcecode.swift; path = OriginalBackground.swift; sourceTree = "<group>"; };
		305AC3002F10458A009D2EC1 /* Snowball.swift */ = {isa = PBXFileReference; lastKnownFileType = sourcecode.swift; path = Snowball.swift; sourceTree = "<group>"; };
		305AC3022F10458A009D2EC1 /* App.swift */ = {isa = PBXFileReference; lastKnownFileType = sourcecode.swift; path = App.swift; sourceTree = "<group>"; };
		305AC3162F107384009D2EC1 /* DaniSnowwoman.swift */ = {isa = PBXFileReference; lastKnownFileType = sourcecode.swift; path = DaniSnowwoman.swift; sourceTree = "<group>"; };
		305AC3182F1134D4009D2EC1 /* PartModel.swift */ = {isa = PBXFileReference; lastKnownFileType = sourcecode.swift; path = PartModel.swift; sourceTree = "<group>"; };
		305AC31D2F113F84009D2EC1 /* Part.swift */ = {isa = PBXFileReference; lastKnownFileType = sourcecode.swift; path = Part.swift; sourceTree = "<group>"; };
		3066F7BA2F1181DB0005281C /* SnowpersonModel.swift */ = {isa = PBXFileReference; lastKnownFileType = sourcecode.swift; path = SnowpersonModel.swift; sourceTree = "<group>"; };
		3066F7BC2F1182870005281C /* ImageModel.swift */ = {isa = PBXFileReference; lastKnownFileType = sourcecode.swift; path = ImageModel.swift; sourceTree = "<group>"; };
		3066F7BF2F1182A70005281C /* PersistableColor.swift */ = {isa = PBXFileReference; lastKnownFileType = sourcecode.swift; path = PersistableColor.swift; sourceTree = "<group>"; };
		3066F7C22F1188000005281C /* ShapeModel.swift */ = {isa = PBXFileReference; lastKnownFileType = sourcecode.swift; path = ShapeModel.swift; sourceTree = "<group>"; };
		3066F7C42F11889C0005281C /* Snowperson.swift */ = {isa = PBXFileReference; lastKnownFileType = sourcecode.swift; path = Snowperson.swift; sourceTree = "<group>"; };
		3066F7C62F1189290005281C /* SnowpersonList.swift */ = {isa = PBXFileReference; lastKnownFileType = sourcecode.swift; path = SnowpersonList.swift; sourceTree = "<group>"; };
		3066F7D02F1195700005281C /* ImageLayerModel.swift */ = {isa = PBXFileReference; lastKnownFileType = sourcecode.swift; path = ImageLayerModel.swift; sourceTree = "<group>"; };
		3066F7D22F11A8520005281C /* App.app */ = {isa = PBXFileReference; explicitFileType = wrapper.application; includeInIndex = 0; path = App.app; sourceTree = BUILT_PRODUCTS_DIR; };
		3066F7D52F11E14E0005281C /* BrookeSnowwoman.swift */ = {isa = PBXFileReference; lastKnownFileType = sourcecode.swift; path = BrookeSnowwoman.swift; sourceTree = "<group>"; };
		3066F7D82F129B490005281C /* PartSelector.swift */ = {isa = PBXFileReference; lastKnownFileType = sourcecode.swift; path = PartSelector.swift; sourceTree = "<group>"; };
/* End PBXFileReference section */

/* Begin PBXFrameworksBuildPhase section */
		3072F14E2F0EB9A300A5EAA2 /* Frameworks */ = {
			isa = PBXFrameworksBuildPhase;
			buildActionMask = 2147483647;
			files = (
			);
			runOnlyForDeploymentPostprocessing = 0;
		};
/* End PBXFrameworksBuildPhase section */

/* Begin PBXGroup section */
		302E0D2F2F17F0780083B9EA /* Shapes */ = {
			isa = PBXGroup;
			children = (
				302E0D322F1A6DB50083B9EA /* Shapes.swift */,
				305AC3002F10458A009D2EC1 /* Snowball.swift */,
				302E0D2D2F16F6620083B9EA /* SnowRectangle.swift */,
			);
			path = Shapes;
			sourceTree = "<group>";
		};
		305AC2F82F10458A009D2EC1 /* Part Categories */ = {
			isa = PBXGroup;
			children = (
				305AC2EE2F10458A009D2EC1 /* Accessories.swift */,
				305AC2EF2F10458A009D2EC1 /* Arms.swift */,
				305AC2F02F10458A009D2EC1 /* Buttons.swift */,
				305AC2F12F10458A009D2EC1 /* Eyes.swift */,
				305AC2F22F10458A009D2EC1 /* Faces.swift */,
				305AC2F32F10458A009D2EC1 /* Hats.swift */,
				305AC2F42F10458A009D2EC1 /* Mittens.swift */,
				305AC2F52F10458A009D2EC1 /* Mouths.swift */,
				305AC2F62F10458A009D2EC1 /* Neckwear.swift */,
				305AC2F72F10458A009D2EC1 /* Noses.swift */,
			);
			path = "Part Categories";
			sourceTree = "<group>";
		};
		305AC2FA2F10458A009D2EC1 /* Sample Snowpeople */ = {
			isa = PBXGroup;
			children = (
				305AC3162F107384009D2EC1 /* DaniSnowwoman.swift */,
				3066F7D52F11E14E0005281C /* BrookeSnowwoman.swift */,
				302E0D342F1A6E450083B9EA /* ChaseArtwork.swift */,
			);
			path = "Sample Snowpeople";
			sourceTree = "<group>";
		};
		305AC3032F10458A009D2EC1 /* Snowpeople */ = {
			isa = PBXGroup;
			children = (
				305AC3022F10458A009D2EC1 /* App.swift */,
				3066F7B82F117F100005281C /* Screens */,
				305AC31C2F113F7C009D2EC1 /* Views */,
				3066F7B92F117F190005281C /* Models */,
				305AC2F82F10458A009D2EC1 /* Part Categories */,
				305AC2FB2F10458A009D2EC1 /* Assets.xcassets */,
			);
			path = Snowpeople;
			sourceTree = "<group>";
		};
		305AC31C2F113F7C009D2EC1 /* Views */ = {
			isa = PBXGroup;
			children = (
				3066F7D72F11E6B60005281C /* Backgrounds */,
				302E0D2F2F17F0780083B9EA /* Shapes */,
				3066F7D82F129B490005281C /* PartSelector.swift */,
				301FF22E2F1EBF8400DE879B /* CloudsAndSnowflakes.swift */,
				302E0D302F1937030083B9EA /* PartList.swift */,
				302E0D2B2F16F1460083B9EA /* PartLayerEditor.swift */,
				305AC31D2F113F84009D2EC1 /* Part.swift */,
				303680112F12A3EF003C56B9 /* PartEditor.swift */,
			);
			path = Views;
			sourceTree = "<group>";
		};
		3066F7B82F117F100005281C /* Screens */ = {
			isa = PBXGroup;
			children = (
				3066F7C62F1189290005281C /* SnowpersonList.swift */,
				3066F7C42F11889C0005281C /* Snowperson.swift */,
			);
			path = Screens;
			sourceTree = "<group>";
		};
		3066F7B92F117F190005281C /* Models */ = {
			isa = PBXGroup;
			children = (
				305AC2FA2F10458A009D2EC1 /* Sample Snowpeople */,
				3066F7BA2F1181DB0005281C /* SnowpersonModel.swift */,
				305AC3182F1134D4009D2EC1 /* PartModel.swift */,
				3066F7BC2F1182870005281C /* ImageModel.swift */,
				3066F7D02F1195700005281C /* ImageLayerModel.swift */,
				3066F7C22F1188000005281C /* ShapeModel.swift */,
				3066F7BF2F1182A70005281C /* PersistableColor.swift */,
			);
			path = Models;
			sourceTree = "<group>";
		};
		3066F7D72F11E6B60005281C /* Backgrounds */ = {
			isa = PBXGroup;
			children = (
				305AC2FC2F10458A009D2EC1 /* OriginalBackground.swift */,
			);
			path = Backgrounds;
			sourceTree = "<group>";
		};
		3072F1482F0EB9A300A5EAA2 = {
			isa = PBXGroup;
			children = (
				305AC3032F10458A009D2EC1 /* Snowpeople */,
				3066F7D22F11A8520005281C /* App.app */,
			);
			sourceTree = "<group>";
		};
/* End PBXGroup section */

/* Begin PBXNativeTarget section */
		3072F1502F0EB9A300A5EAA2 /* App */ = {
			isa = PBXNativeTarget;
			buildConfigurationList = 3072F15C2F0EB9A400A5EAA2 /* Build configuration list for PBXNativeTarget "App" */;
			buildPhases = (
				3072F14D2F0EB9A300A5EAA2 /* Sources */,
				3072F14E2F0EB9A300A5EAA2 /* Frameworks */,
				3072F14F2F0EB9A300A5EAA2 /* Resources */,
			);
			buildRules = (
			);
			dependencies = (
			);
			name = App;
			packageProductDependencies = (
			);
			productName = Snowman;
			productReference = 3066F7D22F11A8520005281C /* App.app */;
			productType = "com.apple.product-type.application";
		};
/* End PBXNativeTarget section */

/* Begin PBXProject section */
		3072F1492F0EB9A300A5EAA2 /* Project object */ = {
			isa = PBXProject;
			attributes = {
				BuildIndependentTargetsInParallel = 1;
				LastSwiftUpdateCheck = 2620;
				LastUpgradeCheck = 2620;
				TargetAttributes = {
					3072F1502F0EB9A300A5EAA2 = {
						CreatedOnToolsVersion = 26.2;
					};
				};
			};
			buildConfigurationList = 3072F14C2F0EB9A300A5EAA2 /* Build configuration list for PBXProject "Snowpeople" */;
			developmentRegion = en;
			hasScannedForEncodings = 0;
			knownRegions = (
				en,
				Base,
			);
			mainGroup = 3072F1482F0EB9A300A5EAA2;
			minimizedProjectReferenceProxies = 1;
			preferredProjectObjectVersion = 77;
			productRefGroup = 3072F1482F0EB9A300A5EAA2;
			projectDirPath = "";
			projectRoot = "";
			targets = (
				3072F1502F0EB9A300A5EAA2 /* App */,
			);
		};
/* End PBXProject section */

/* Begin PBXResourcesBuildPhase section */
		3072F14F2F0EB9A300A5EAA2 /* Resources */ = {
			isa = PBXResourcesBuildPhase;
			buildActionMask = 2147483647;
			files = (
				305AC3152F10458A009D2EC1 /* Assets.xcassets in Resources */,
			);
			runOnlyForDeploymentPostprocessing = 0;
		};
/* End PBXResourcesBuildPhase section */

/* Begin PBXSourcesBuildPhase section */
		3072F14D2F0EB9A300A5EAA2 /* Sources */ = {
			isa = PBXSourcesBuildPhase;
			buildActionMask = 2147483647;
			files = (
				305AC3042F10458A009D2EC1 /* Faces.swift in Sources */,
				305AC3062F10458A009D2EC1 /* Mouths.swift in Sources */,
				3066F7BD2F1182870005281C /* ImageModel.swift in Sources */,
				303680122F12A3EF003C56B9 /* PartEditor.swift in Sources */,
				305AC3072F10458A009D2EC1 /* Mittens.swift in Sources */,
				305AC3082F10458A009D2EC1 /* Noses.swift in Sources */,
				305AC3192F1134D4009D2EC1 /* PartModel.swift in Sources */,
				305AC30B2F10458A009D2EC1 /* Eyes.swift in Sources */,
				305AC30C2F10458A009D2EC1 /* Hats.swift in Sources */,
				302E0D312F1937030083B9EA /* PartList.swift in Sources */,
				305AC30D2F10458A009D2EC1 /* Accessories.swift in Sources */,
				305AC30E2F10458A009D2EC1 /* Snowball.swift in Sources */,
				3066F7C52F11889C0005281C /* Snowperson.swift in Sources */,
				3066F7C32F1188000005281C /* ShapeModel.swift in Sources */,
				3066F7D92F129B490005281C /* PartSelector.swift in Sources */,
				3066F7C72F1189290005281C /* SnowpersonList.swift in Sources */,
				302E0D2E2F16F6620083B9EA /* SnowRectangle.swift in Sources */,
				305AC30F2F10458A009D2EC1 /* App.swift in Sources */,
				3066F7D12F1195700005281C /* ImageLayerModel.swift in Sources */,
				305AC3102F10458A009D2EC1 /* Neckwear.swift in Sources */,
				3066F7D62F11E14E0005281C /* BrookeSnowwoman.swift in Sources */,
				305AC3112F10458A009D2EC1 /* Arms.swift in Sources */,
				305AC3172F107384009D2EC1 /* DaniSnowwoman.swift in Sources */,
				305AC3122F10458A009D2EC1 /* OriginalBackground.swift in Sources */,
				305AC31E2F113F84009D2EC1 /* Part.swift in Sources */,
				301FF22F2F1EBF8400DE879B /* CloudsAndSnowflakes.swift in Sources */,
				302E0D332F1A6DB50083B9EA /* Shapes.swift in Sources */,
				302E0D352F1A6E450083B9EA /* ChaseArtwork.swift in Sources */,
				302E0D2C2F16F1460083B9EA /* PartLayerEditor.swift in Sources */,
				3066F7BB2F1181DB0005281C /* SnowpersonModel.swift in Sources */,
				305AC3142F10458A009D2EC1 /* Buttons.swift in Sources */,
				3066F7C02F1182A70005281C /* PersistableColor.swift in Sources */,
			);
			runOnlyForDeploymentPostprocessing = 0;
		};
/* End PBXSourcesBuildPhase section */

/* Begin XCBuildConfiguration section */
		3072F15A2F0EB9A400A5EAA2 /* Debug */ = {
			isa = XCBuildConfiguration;
			buildSettings = {
				ALWAYS_SEARCH_USER_PATHS = NO;
				ASSETCATALOG_COMPILER_GENERATE_SWIFT_ASSET_SYMBOL_EXTENSIONS = YES;
				CLANG_ANALYZER_NONNULL = YES;
				CLANG_ANALYZER_NUMBER_OBJECT_CONVERSION = YES_AGGRESSIVE;
				CLANG_CXX_LANGUAGE_STANDARD = "gnu++20";
				CLANG_ENABLE_MODULES = YES;
				CLANG_ENABLE_OBJC_ARC = YES;
				CLANG_ENABLE_OBJC_WEAK = YES;
				CLANG_WARN_BLOCK_CAPTURE_AUTORELEASING = YES;
				CLANG_WARN_BOOL_CONVERSION = YES;
				CLANG_WARN_COMMA = YES;
				CLANG_WARN_CONSTANT_CONVERSION = YES;
				CLANG_WARN_DEPRECATED_OBJC_IMPLEMENTATIONS = YES;
				CLANG_WARN_DIRECT_OBJC_ISA_USAGE = YES_ERROR;
				CLANG_WARN_DOCUMENTATION_COMMENTS = YES;
				CLANG_WARN_EMPTY_BODY = YES;
				CLANG_WARN_ENUM_CONVERSION = YES;
				CLANG_WARN_INFINITE_RECURSION = YES;
				CLANG_WARN_INT_CONVERSION = YES;
				CLANG_WARN_NON_LITERAL_NULL_CONVERSION = YES;
				CLANG_WARN_OBJC_IMPLICIT_RETAIN_SELF = YES;
				CLANG_WARN_OBJC_LITERAL_CONVERSION = YES;
				CLANG_WARN_OBJC_ROOT_CLASS = YES_ERROR;
				CLANG_WARN_QUOTED_INCLUDE_IN_FRAMEWORK_HEADER = YES;
				CLANG_WARN_RANGE_LOOP_ANALYSIS = YES;
				CLANG_WARN_STRICT_PROTOTYPES = YES;
				CLANG_WARN_SUSPICIOUS_MOVE = YES;
				CLANG_WARN_UNGUARDED_AVAILABILITY = YES_AGGRESSIVE;
				CLANG_WARN_UNREACHABLE_CODE = YES;
				CLANG_WARN__DUPLICATE_METHOD_MATCH = YES;
				COPY_PHASE_STRIP = NO;
				DEBUG_INFORMATION_FORMAT = dwarf;
				DEVELOPMENT_TEAM = 2536M8SB5Z;
				ENABLE_STRICT_OBJC_MSGSEND = YES;
				ENABLE_TESTABILITY = YES;
				ENABLE_USER_SCRIPT_SANDBOXING = YES;
				GCC_C_LANGUAGE_STANDARD = gnu17;
				GCC_DYNAMIC_NO_PIC = NO;
				GCC_NO_COMMON_BLOCKS = YES;
				GCC_OPTIMIZATION_LEVEL = 0;
				GCC_PREPROCESSOR_DEFINITIONS = (
					"DEBUG=1",
					"$(inherited)",
				);
				GCC_WARN_64_TO_32_BIT_CONVERSION = YES;
				GCC_WARN_ABOUT_RETURN_TYPE = YES_ERROR;
				GCC_WARN_UNDECLARED_SELECTOR = YES;
				GCC_WARN_UNINITIALIZED_AUTOS = YES_AGGRESSIVE;
				GCC_WARN_UNUSED_FUNCTION = YES;
				GCC_WARN_UNUSED_VARIABLE = YES;
				LOCALIZATION_PREFERS_STRING_CATALOGS = YES;
				MTL_ENABLE_DEBUG_INFO = INCLUDE_SOURCE;
				MTL_FAST_MATH = YES;
				ONLY_ACTIVE_ARCH = YES;
				SWIFT_ACTIVE_COMPILATION_CONDITIONS = "DEBUG $(inherited)";
				SWIFT_APPROACHABLE_CONCURRENCY = YES;
				SWIFT_DEFAULT_ACTOR_ISOLATION = MainActor;
				SWIFT_OPTIMIZATION_LEVEL = "-Onone";
				SWIFT_STRICT_CONCURRENCY = complete;
			};
			name = Debug;
		};
		3072F15B2F0EB9A400A5EAA2 /* Release */ = {
			isa = XCBuildConfiguration;
			buildSettings = {
				ALWAYS_SEARCH_USER_PATHS = NO;
				ASSETCATALOG_COMPILER_GENERATE_SWIFT_ASSET_SYMBOL_EXTENSIONS = YES;
				CLANG_ANALYZER_NONNULL = YES;
				CLANG_ANALYZER_NUMBER_OBJECT_CONVERSION = YES_AGGRESSIVE;
				CLANG_CXX_LANGUAGE_STANDARD = "gnu++20";
				CLANG_ENABLE_MODULES = YES;
				CLANG_ENABLE_OBJC_ARC = YES;
				CLANG_ENABLE_OBJC_WEAK = YES;
				CLANG_WARN_BLOCK_CAPTURE_AUTORELEASING = YES;
				CLANG_WARN_BOOL_CONVERSION = YES;
				CLANG_WARN_COMMA = YES;
				CLANG_WARN_CONSTANT_CONVERSION = YES;
				CLANG_WARN_DEPRECATED_OBJC_IMPLEMENTATIONS = YES;
				CLANG_WARN_DIRECT_OBJC_ISA_USAGE = YES_ERROR;
				CLANG_WARN_DOCUMENTATION_COMMENTS = YES;
				CLANG_WARN_EMPTY_BODY = YES;
				CLANG_WARN_ENUM_CONVERSION = YES;
				CLANG_WARN_INFINITE_RECURSION = YES;
				CLANG_WARN_INT_CONVERSION = YES;
				CLANG_WARN_NON_LITERAL_NULL_CONVERSION = YES;
				CLANG_WARN_OBJC_IMPLICIT_RETAIN_SELF = YES;
				CLANG_WARN_OBJC_LITERAL_CONVERSION = YES;
				CLANG_WARN_OBJC_ROOT_CLASS = YES_ERROR;
				CLANG_WARN_QUOTED_INCLUDE_IN_FRAMEWORK_HEADER = YES;
				CLANG_WARN_RANGE_LOOP_ANALYSIS = YES;
				CLANG_WARN_STRICT_PROTOTYPES = YES;
				CLANG_WARN_SUSPICIOUS_MOVE = YES;
				CLANG_WARN_UNGUARDED_AVAILABILITY = YES_AGGRESSIVE;
				CLANG_WARN_UNREACHABLE_CODE = YES;
				CLANG_WARN__DUPLICATE_METHOD_MATCH = YES;
				COPY_PHASE_STRIP = NO;
				DEBUG_INFORMATION_FORMAT = "dwarf-with-dsym";
				DEVELOPMENT_TEAM = 2536M8SB5Z;
				ENABLE_NS_ASSERTIONS = NO;
				ENABLE_STRICT_OBJC_MSGSEND = YES;
				ENABLE_USER_SCRIPT_SANDBOXING = YES;
				GCC_C_LANGUAGE_STANDARD = gnu17;
				GCC_NO_COMMON_BLOCKS = YES;
				GCC_WARN_64_TO_32_BIT_CONVERSION = YES;
				GCC_WARN_ABOUT_RETURN_TYPE = YES_ERROR;
				GCC_WARN_UNDECLARED_SELECTOR = YES;
				GCC_WARN_UNINITIALIZED_AUTOS = YES_AGGRESSIVE;
				GCC_WARN_UNUSED_FUNCTION = YES;
				GCC_WARN_UNUSED_VARIABLE = YES;
				LOCALIZATION_PREFERS_STRING_CATALOGS = YES;
				MTL_ENABLE_DEBUG_INFO = NO;
				MTL_FAST_MATH = YES;
				SWIFT_APPROACHABLE_CONCURRENCY = YES;
				SWIFT_COMPILATION_MODE = wholemodule;
				SWIFT_DEFAULT_ACTOR_ISOLATION = MainActor;
				SWIFT_STRICT_CONCURRENCY = complete;
			};
			name = Release;
		};
		3072F15D2F0EB9A400A5EAA2 /* Debug */ = {
			isa = XCBuildConfiguration;
			buildSettings = {
				ASSETCATALOG_COMPILER_APPICON_NAME = AppIcon;
				ASSETCATALOG_COMPILER_GLOBAL_ACCENT_COLOR_NAME = AccentColor;
				CODE_SIGN_STYLE = Automatic;
				CURRENT_PROJECT_VERSION = 1;
				DEVELOPMENT_TEAM = JY83NY58JG;
				ENABLE_APP_SANDBOX = YES;
				ENABLE_HARDENED_RUNTIME = YES;
				ENABLE_PREVIEWS = YES;
				ENABLE_USER_SELECTED_FILES = readonly;
				GENERATE_INFOPLIST_FILE = YES;
				INFOPLIST_KEY_CFBundleDisplayName = "";
				"INFOPLIST_KEY_CFBundleDisplayName[sdk=iphoneos*]" = Snowpeople;
				INFOPLIST_KEY_ITSAppUsesNonExemptEncryption = NO;
				"INFOPLIST_KEY_UIApplicationSceneManifest_Generation[sdk=iphoneos*]" = YES;
				"INFOPLIST_KEY_UIApplicationSceneManifest_Generation[sdk=iphonesimulator*]" = YES;
				"INFOPLIST_KEY_UIApplicationSupportsIndirectInputEvents[sdk=iphoneos*]" = YES;
				"INFOPLIST_KEY_UIApplicationSupportsIndirectInputEvents[sdk=iphonesimulator*]" = YES;
				"INFOPLIST_KEY_UILaunchScreen_Generation[sdk=iphoneos*]" = YES;
				"INFOPLIST_KEY_UILaunchScreen_Generation[sdk=iphonesimulator*]" = YES;
				"INFOPLIST_KEY_UIStatusBarStyle[sdk=iphoneos*]" = UIStatusBarStyleDefault;
				"INFOPLIST_KEY_UIStatusBarStyle[sdk=iphonesimulator*]" = UIStatusBarStyleDefault;
				INFOPLIST_KEY_UISupportedInterfaceOrientations_iPad = "UIInterfaceOrientationPortrait UIInterfaceOrientationPortraitUpsideDown UIInterfaceOrientationLandscapeLeft UIInterfaceOrientationLandscapeRight";
				INFOPLIST_KEY_UISupportedInterfaceOrientations_iPhone = "UIInterfaceOrientationPortrait UIInterfaceOrientationLandscapeLeft UIInterfaceOrientationLandscapeRight";
				IPHONEOS_DEPLOYMENT_TARGET = 26.0;
				LD_RUNPATH_SEARCH_PATHS = "@executable_path/Frameworks";
				"LD_RUNPATH_SEARCH_PATHS[sdk=macosx*]" = "@executable_path/../Frameworks";
				MACOSX_DEPLOYMENT_TARGET = 26.2;
				MARKETING_VERSION = 1.0;
				PRODUCT_BUNDLE_IDENTIFIER = com.jmccloudmccloud.Snowpeople;
				PRODUCT_NAME = "$(TARGET_NAME)";
				REGISTER_APP_GROUPS = YES;
				SDKROOT = auto;
				STRING_CATALOG_GENERATE_SYMBOLS = YES;
				SUPPORTED_PLATFORMS = "iphoneos iphonesimulator";
				SUPPORTS_MACCATALYST = NO;
				SUPPORTS_MAC_DESIGNED_FOR_IPHONE_IPAD = YES;
				SUPPORTS_XR_DESIGNED_FOR_IPHONE_IPAD = YES;
				SWIFT_APPROACHABLE_CONCURRENCY = YES;
				SWIFT_DEFAULT_ACTOR_ISOLATION = MainActor;
				SWIFT_EMIT_LOC_STRINGS = YES;
				SWIFT_UPCOMING_FEATURE_MEMBER_IMPORT_VISIBILITY = YES;
				SWIFT_VERSION = 6.0;
				TARGETED_DEVICE_FAMILY = "1,2";
				XROS_DEPLOYMENT_TARGET = 26.2;
			};
			name = Debug;
		};
		3072F15E2F0EB9A400A5EAA2 /* Release */ = {
			isa = XCBuildConfiguration;
			buildSettings = {
				ASSETCATALOG_COMPILER_APPICON_NAME = AppIcon;
				ASSETCATALOG_COMPILER_GLOBAL_ACCENT_COLOR_NAME = AccentColor;
				CODE_SIGN_STYLE = Automatic;
				CURRENT_PROJECT_VERSION = 1;
				DEVELOPMENT_TEAM = JY83NY58JG;
				ENABLE_APP_SANDBOX = YES;
				ENABLE_HARDENED_RUNTIME = YES;
				ENABLE_PREVIEWS = YES;
				ENABLE_USER_SELECTED_FILES = readonly;
				GENERATE_INFOPLIST_FILE = YES;
				INFOPLIST_KEY_CFBundleDisplayName = "";
				"INFOPLIST_KEY_CFBundleDisplayName[sdk=iphoneos*]" = Snowpeople;
				INFOPLIST_KEY_ITSAppUsesNonExemptEncryption = NO;
				"INFOPLIST_KEY_UIApplicationSceneManifest_Generation[sdk=iphoneos*]" = YES;
				"INFOPLIST_KEY_UIApplicationSceneManifest_Generation[sdk=iphonesimulator*]" = YES;
				"INFOPLIST_KEY_UIApplicationSupportsIndirectInputEvents[sdk=iphoneos*]" = YES;
				"INFOPLIST_KEY_UIApplicationSupportsIndirectInputEvents[sdk=iphonesimulator*]" = YES;
				"INFOPLIST_KEY_UILaunchScreen_Generation[sdk=iphoneos*]" = YES;
				"INFOPLIST_KEY_UILaunchScreen_Generation[sdk=iphonesimulator*]" = YES;
				"INFOPLIST_KEY_UIStatusBarStyle[sdk=iphoneos*]" = UIStatusBarStyleDefault;
				"INFOPLIST_KEY_UIStatusBarStyle[sdk=iphonesimulator*]" = UIStatusBarStyleDefault;
				INFOPLIST_KEY_UISupportedInterfaceOrientations_iPad = "UIInterfaceOrientationPortrait UIInterfaceOrientationPortraitUpsideDown UIInterfaceOrientationLandscapeLeft UIInterfaceOrientationLandscapeRight";
				INFOPLIST_KEY_UISupportedInterfaceOrientations_iPhone = "UIInterfaceOrientationPortrait UIInterfaceOrientationLandscapeLeft UIInterfaceOrientationLandscapeRight";
				IPHONEOS_DEPLOYMENT_TARGET = 26.0;
				LD_RUNPATH_SEARCH_PATHS = "@executable_path/Frameworks";
				"LD_RUNPATH_SEARCH_PATHS[sdk=macosx*]" = "@executable_path/../Frameworks";
				MACOSX_DEPLOYMENT_TARGET = 26.2;
				MARKETING_VERSION = 1.0;
				PRODUCT_BUNDLE_IDENTIFIER = com.jmccloudmccloud.Snowpeople;
				PRODUCT_NAME = "$(TARGET_NAME)";
				REGISTER_APP_GROUPS = YES;
				SDKROOT = auto;
				STRING_CATALOG_GENERATE_SYMBOLS = YES;
				SUPPORTED_PLATFORMS = "iphoneos iphonesimulator";
				SUPPORTS_MACCATALYST = NO;
				SUPPORTS_MAC_DESIGNED_FOR_IPHONE_IPAD = YES;
				SUPPORTS_XR_DESIGNED_FOR_IPHONE_IPAD = YES;
				SWIFT_APPROACHABLE_CONCURRENCY = YES;
				SWIFT_DEFAULT_ACTOR_ISOLATION = MainActor;
				SWIFT_EMIT_LOC_STRINGS = YES;
				SWIFT_UPCOMING_FEATURE_MEMBER_IMPORT_VISIBILITY = YES;
				SWIFT_VERSION = 6.0;
				TARGETED_DEVICE_FAMILY = "1,2";
				XROS_DEPLOYMENT_TARGET = 26.2;
			};
			name = Release;
		};
/* End XCBuildConfiguration section */

/* Begin XCConfigurationList section */
		3072F14C2F0EB9A300A5EAA2 /* Build configuration list for PBXProject "Snowpeople" */ = {
			isa = XCConfigurationList;
			buildConfigurations = (
				3072F15A2F0EB9A400A5EAA2 /* Debug */,
				3072F15B2F0EB9A400A5EAA2 /* Release */,
			);
			defaultConfigurationIsVisible = 0;
			defaultConfigurationName = Release;
		};
		3072F15C2F0EB9A400A5EAA2 /* Build configuration list for PBXNativeTarget "App" */ = {
			isa = XCConfigurationList;
			buildConfigurations = (
				3072F15D2F0EB9A400A5EAA2 /* Debug */,
				3072F15E2F0EB9A400A5EAA2 /* Release */,
			);
			defaultConfigurationIsVisible = 0;
			defaultConfigurationName = Release;
		};
/* End XCConfigurationList section */
	};
	rootObject = 3072F1492F0EB9A300A5EAA2 /* Project object */;
}
